
Microsoft Visual Studio Solution File, Format Version 12.00
# Visual Studio 15
VisualStudioVersion = 15.0.26403.7
MinimumVisualStudioVersion = 10.0.40219.1
Project("{D954291E-2A0B-460D-934E-DC6B0785DB48}") = "BridelleBelleMobileApplication", "BridelleBelleMobileApplication\BridelleBelleMobileApplication\BridelleBelleMobileApplication.shproj", "{F7D11906-54BB-4088-A5CB-F66D4793D0B3}"
EndProject
Project("{FAE04EC0-301F-11D3-BF4B-00C04F79EFBC}") = "BridelleBelleMobileApplication.Android", "BridelleBelleMobileApplication\BridelleBelleMobileApplication.Android\BridelleBelleMobileApplication.Android.csproj", "{509B6F31-2251-4806-8114-9DAEE8F2F680}"
EndProject
Project("{FAE04EC0-301F-11D3-BF4B-00C04F79EFBC}") = "BridelleBelleMobileApplication.iOS", "BridelleBelleMobileApplication\BridelleBelleMobileApplication.iOS\BridelleBelleMobileApplication.iOS.csproj", "{49FC8048-ADF4-42D2-BCC6-C4FF013E5E91}"
EndProject
Project("{FAE04EC0-301F-11D3-BF4B-00C04F79EFBC}") = "BridalBelle.Database", "BridalBelle.Database\BridalBelle.Database.csproj", "{626B8D97-9B5B-41BA-BC0A-58C8BFF76D87}"
EndProject
Project("{FAE04EC0-301F-11D3-BF4B-00C04F79EFBC}") = "BridalBelle.Data", "BridalBelle.Data\BridalBelle.Data.csproj", "{A6B90DFF-3A2E-4022-BDE7-1F998DA655D3}"
EndProject
Global
	GlobalSection(SharedMSBuildProjectFiles) = preSolution
		BridelleBelleMobileApplication\BridelleBelleMobileApplication\BridelleBelleMobileApplication.projitems*{49fc8048-adf4-42d2-bcc6-c4ff013e5e91}*SharedItemsImports = 4
		BridelleBelleMobileApplication\BridelleBelleMobileApplication\BridelleBelleMobileApplication.projitems*{509b6f31-2251-4806-8114-9daee8f2f680}*SharedItemsImports = 4
		BridelleBelleMobileApplication\BridelleBelleMobileApplication\BridelleBelleMobileApplication.projitems*{f7d11906-54bb-4088-a5cb-f66d4793d0b3}*SharedItemsImports = 13
	EndGlobalSection
	GlobalSection(SolutionConfigurationPlatforms) = preSolution
		Ad-Hoc|Any CPU = Ad-Hoc|Any CPU
		Ad-Hoc|iPhone = Ad-Hoc|iPhone
		Ad-Hoc|iPhoneSimulator = Ad-Hoc|iPhoneSimulator
		AppStore|Any CPU = AppStore|Any CPU
		AppStore|iPhone = AppStore|iPhone
		AppStore|iPhoneSimulator = AppStore|iPhoneSimulator
		Debug|Any CPU = Debug|Any CPU
		Debug|iPhone = Debug|iPhone
		Debug|iPhoneSimulator = Debug|iPhoneSimulator
		Release|Any CPU = Release|Any CPU
		Release|iPhone = Release|iPhone
		Release|iPhoneSimulator = Release|iPhoneSimulator
	EndGlobalSection
	GlobalSection(ProjectConfigurationPlatforms) = postSolution
		{509B6F31-2251-4806-8114-9DAEE8F2F680}.Ad-Hoc|Any CPU.ActiveCfg = Release|Any CPU
		{509B6F31-2251-4806-8114-9DAEE8F2F680}.Ad-Hoc|Any CPU.Build.0 = Release|Any CPU
		{509B6F31-2251-4806-8114-9DAEE8F2F680}.Ad-Hoc|Any CPU.Deploy.0 = Release|Any CPU
		{509B6F31-2251-4806-8114-9DAEE8F2F680}.Ad-Hoc|iPhone.ActiveCfg = Release|Any CPU
		{509B6F31-2251-4806-8114-9DAEE8F2F680}.Ad-Hoc|iPhone.Build.0 = Release|Any CPU
		{509B6F31-2251-4806-8114-9DAEE8F2F680}.Ad-Hoc|iPhone.Deploy.0 = Release|Any CPU
		{509B6F31-2251-4806-8114-9DAEE8F2F680}.Ad-Hoc|iPhoneSimulator.ActiveCfg = Release|Any CPU
		{509B6F31-2251-4806-8114-9DAEE8F2F680}.Ad-Hoc|iPhoneSimulator.Build.0 = Release|Any CPU
		{509B6F31-2251-4806-8114-9DAEE8F2F680}.Ad-Hoc|iPhoneSimulator.Deploy.0 = Release|Any CPU
		{509B6F31-2251-4806-8114-9DAEE8F2F680}.AppStore|Any CPU.ActiveCfg = Release|Any CPU
		{509B6F31-2251-4806-8114-9DAEE8F2F680}.AppStore|Any CPU.Build.0 = Release|Any CPU
		{509B6F31-2251-4806-8114-9DAEE8F2F680}.AppStore|Any CPU.Deploy.0 = Release|Any CPU
		{509B6F31-2251-4806-8114-9DAEE8F2F680}.AppStore|iPhone.ActiveCfg = Release|Any CPU
		{509B6F31-2251-4806-8114-9DAEE8F2F680}.AppStore|iPhone.Build.0 = Release|Any CPU
		{509B6F31-2251-4806-8114-9DAEE8F2F680}.AppStore|iPhone.Deploy.0 = Release|Any CPU
		{509B6F31-2251-4806-8114-9DAEE8F2F680}.AppStore|iPhoneSimulator.ActiveCfg = Release|Any CPU
		{509B6F31-2251-4806-8114-9DAEE8F2F680}.AppStore|iPhoneSimulator.Build.0 = Release|Any CPU
		{509B6F31-2251-4806-8114-9DAEE8F2F680}.AppStore|iPhoneSimulator.Deploy.0 = Release|Any CPU
		{509B6F31-2251-4806-8114-9DAEE8F2F680}.Debug|Any CPU.ActiveCfg = Debug|Any CPU
		{509B6F31-2251-4806-8114-9DAEE8F2F680}.Debug|Any CPU.Build.0 = Debug|Any CPU
		{509B6F31-2251-4806-8114-9DAEE8F2F680}.Debug|Any CPU.Deploy.0 = Debug|Any CPU
		{509B6F31-2251-4806-8114-9DAEE8F2F680}.Debug|iPhone.ActiveCfg = Debug|Any CPU
		{509B6F31-2251-4806-8114-9DAEE8F2F680}.Debug|iPhone.Build.0 = Debug|Any CPU
		{509B6F31-2251-4806-8114-9DAEE8F2F680}.Debug|iPhone.Deploy.0 = Debug|Any CPU
		{509B6F31-2251-4806-8114-9DAEE8F2F680}.Debug|iPhoneSimulator.ActiveCfg = Debug|Any CPU
		{509B6F31-2251-4806-8114-9DAEE8F2F680}.Debug|iPhoneSimulator.Build.0 = Debug|Any CPU
		{509B6F31-2251-4806-8114-9DAEE8F2F680}.Debug|iPhoneSimulator.Deploy.0 = Debug|Any CPU
		{509B6F31-2251-4806-8114-9DAEE8F2F680}.Release|Any CPU.ActiveCfg = Release|Any CPU
		{509B6F31-2251-4806-8114-9DAEE8F2F680}.Release|Any CPU.Build.0 = Release|Any CPU
		{509B6F31-2251-4806-8114-9DAEE8F2F680}.Release|Any CPU.Deploy.0 = Release|Any CPU
		{509B6F31-2251-4806-8114-9DAEE8F2F680}.Release|iPhone.ActiveCfg = Release|Any CPU
		{509B6F31-2251-4806-8114-9DAEE8F2F680}.Release|iPhone.Build.0 = Release|Any CPU
		{509B6F31-2251-4806-8114-9DAEE8F2F680}.Release|iPhone.Deploy.0 = Release|Any CPU
		{509B6F31-2251-4806-8114-9DAEE8F2F680}.Release|iPhoneSimulator.ActiveCfg = Release|Any CPU
		{509B6F31-2251-4806-8114-9DAEE8F2F680}.Release|iPhoneSimulator.Build.0 = Release|Any CPU
		{509B6F31-2251-4806-8114-9DAEE8F2F680}.Release|iPhoneSimulator.Deploy.0 = Release|Any CPU
		{49FC8048-ADF4-42D2-BCC6-C4FF013E5E91}.Ad-Hoc|Any CPU.ActiveCfg = Ad-Hoc|iPhone
		{49FC8048-ADF4-42D2-BCC6-C4FF013E5E91}.Ad-Hoc|iPhone.ActiveCfg = Ad-Hoc|iPhone
		{49FC8048-ADF4-42D2-BCC6-C4FF013E5E91}.Ad-Hoc|iPhone.Build.0 = Ad-Hoc|iPhone
		{49FC8048-ADF4-42D2-BCC6-C4FF013E5E91}.Ad-Hoc|iPhoneSimulator.ActiveCfg = Ad-Hoc|iPhoneSimulator
		{49FC8048-ADF4-42D2-BCC6-C4FF013E5E91}.Ad-Hoc|iPhoneSimulator.Build.0 = Ad-Hoc|iPhoneSimulator
		{49FC8048-ADF4-42D2-BCC6-C4FF013E5E91}.AppStore|Any CPU.ActiveCfg = AppStore|iPhone
		{49FC8048-ADF4-42D2-BCC6-C4FF013E5E91}.AppStore|iPhone.ActiveCfg = AppStore|iPhone
		{49FC8048-ADF4-42D2-BCC6-C4FF013E5E91}.AppStore|iPhone.Build.0 = AppStore|iPhone
		{49FC8048-ADF4-42D2-BCC6-C4FF013E5E91}.AppStore|iPhoneSimulator.ActiveCfg = AppStore|iPhoneSimulator
		{49FC8048-ADF4-42D2-BCC6-C4FF013E5E91}.AppStore|iPhoneSimulator.Build.0 = AppStore|iPhoneSimulator
		{49FC8048-ADF4-42D2-BCC6-C4FF013E5E91}.Debug|Any CPU.ActiveCfg = Debug|iPhone
		{49FC8048-ADF4-42D2-BCC6-C4FF013E5E91}.Debug|iPhone.ActiveCfg = Debug|iPhone
		{49FC8048-ADF4-42D2-BCC6-C4FF013E5E91}.Debug|iPhone.Build.0 = Debug|iPhone
		{49FC8048-ADF4-42D2-BCC6-C4FF013E5E91}.Debug|iPhoneSimulator.ActiveCfg = Debug|iPhoneSimulator
		{49FC8048-ADF4-42D2-BCC6-C4FF013E5E91}.Debug|iPhoneSimulator.Build.0 = Debug|iPhoneSimulator
		{49FC8048-ADF4-42D2-BCC6-C4FF013E5E91}.Release|Any CPU.ActiveCfg = Release|iPhone
		{49FC8048-ADF4-42D2-BCC6-C4FF013E5E91}.Release|iPhone.ActiveCfg = Release|iPhone
		{49FC8048-ADF4-42D2-BCC6-C4FF013E5E91}.Release|iPhone.Build.0 = Release|iPhone
		{49FC8048-ADF4-42D2-BCC6-C4FF013E5E91}.Release|iPhoneSimulator.ActiveCfg = Release|iPhoneSimulator
		{49FC8048-ADF4-42D2-BCC6-C4FF013E5E91}.Release|iPhoneSimulator.Build.0 = Release|iPhoneSimulator
		{626B8D97-9B5B-41BA-BC0A-58C8BFF76D87}.Ad-Hoc|Any CPU.ActiveCfg = Release|Any CPU
		{626B8D97-9B5B-41BA-BC0A-58C8BFF76D87}.Ad-Hoc|Any CPU.Build.0 = Release|Any CPU
		{626B8D97-9B5B-41BA-BC0A-58C8BFF76D87}.Ad-Hoc|iPhone.ActiveCfg = Release|Any CPU
		{626B8D97-9B5B-41BA-BC0A-58C8BFF76D87}.Ad-Hoc|iPhone.Build.0 = Release|Any CPU
		{626B8D97-9B5B-41BA-BC0A-58C8BFF76D87}.Ad-Hoc|iPhoneSimulator.ActiveCfg = Release|Any CPU
		{626B8D97-9B5B-41BA-BC0A-58C8BFF76D87}.Ad-Hoc|iPhoneSimulator.Build.0 = Release|Any CPU
		{626B8D97-9B5B-41BA-BC0A-58C8BFF76D87}.AppStore|Any CPU.ActiveCfg = Release|Any CPU
		{626B8D97-9B5B-41BA-BC0A-58C8BFF76D87}.AppStore|Any CPU.Build.0 = Release|Any CPU
		{626B8D97-9B5B-41BA-BC0A-58C8BFF76D87}.AppStore|iPhone.ActiveCfg = Release|Any CPU
		{626B8D97-9B5B-41BA-BC0A-58C8BFF76D87}.AppStore|iPhone.Build.0 = Release|Any CPU
		{626B8D97-9B5B-41BA-BC0A-58C8BFF76D87}.AppStore|iPhoneSimulator.ActiveCfg = Release|Any CPU
		{626B8D97-9B5B-41BA-BC0A-58C8BFF76D87}.AppStore|iPhoneSimulator.Build.0 = Release|Any CPU
		{626B8D97-9B5B-41BA-BC0A-58C8BFF76D87}.Debug|Any CPU.ActiveCfg = Debug|Any CPU
		{626B8D97-9B5B-41BA-BC0A-58C8BFF76D87}.Debug|Any CPU.Build.0 = Debug|Any CPU
		{626B8D97-9B5B-41BA-BC0A-58C8BFF76D87}.Debug|iPhone.ActiveCfg = Debug|Any CPU
		{626B8D97-9B5B-41BA-BC0A-58C8BFF76D87}.Debug|iPhone.Build.0 = Debug|Any CPU
		{626B8D97-9B5B-41BA-BC0A-58C8BFF76D87}.Debug|iPhoneSimulator.ActiveCfg = Debug|Any CPU
		{626B8D97-9B5B-41BA-BC0A-58C8BFF76D87}.Debug|iPhoneSimulator.Build.0 = Debug|Any CPU
		{626B8D97-9B5B-41BA-BC0A-58C8BFF76D87}.Release|Any CPU.ActiveCfg = Release|Any CPU
		{626B8D97-9B5B-41BA-BC0A-58C8BFF76D87}.Release|Any CPU.Build.0 = Release|Any CPU
		{626B8D97-9B5B-41BA-BC0A-58C8BFF76D87}.Release|iPhone.ActiveCfg = Release|Any CPU
		{626B8D97-9B5B-41BA-BC0A-58C8BFF76D87}.Release|iPhone.Build.0 = Release|Any CPU
		{626B8D97-9B5B-41BA-BC0A-58C8BFF76D87}.Release|iPhoneSimulator.ActiveCfg = Release|Any CPU
		{626B8D97-9B5B-41BA-BC0A-58C8BFF76D87}.Release|iPhoneSimulator.Build.0 = Release|Any CPU
		{A6B90DFF-3A2E-4022-BDE7-1F998DA655D3}.Ad-Hoc|Any CPU.ActiveCfg = Release|Any CPU
		{A6B90DFF-3A2E-4022-BDE7-1F998DA655D3}.Ad-Hoc|Any CPU.Build.0 = Release|Any CPU
		{A6B90DFF-3A2E-4022-BDE7-1F998DA655D3}.Ad-Hoc|iPhone.ActiveCfg = Release|Any CPU
		{A6B90DFF-3A2E-4022-BDE7-1F998DA655D3}.Ad-Hoc|iPhone.Build.0 = Release|Any CPU
		{A6B90DFF-3A2E-4022-BDE7-1F998DA655D3}.Ad-Hoc|iPhoneSimulator.ActiveCfg = Release|Any CPU
		{A6B90DFF-3A2E-4022-BDE7-1F998DA655D3}.Ad-Hoc|iPhoneSimulator.Build.0 = Release|Any CPU
		{A6B90DFF-3A2E-4022-BDE7-1F998DA655D3}.AppStore|Any CPU.ActiveCfg = Release|Any CPU
		{A6B90DFF-3A2E-4022-BDE7-1F998DA655D3}.AppStore|Any CPU.Build.0 = Release|Any CPU
		{A6B90DFF-3A2E-4022-BDE7-1F998DA655D3}.AppStore|iPhone.ActiveCfg = Release|Any CPU
		{A6B90DFF-3A2E-4022-BDE7-1F998DA655D3}.AppStore|iPhone.Build.0 = Release|Any CPU
		{A6B90DFF-3A2E-4022-BDE7-1F998DA655D3}.AppStore|iPhoneSimulator.ActiveCfg = Release|Any CPU
		{A6B90DFF-3A2E-4022-BDE7-1F998DA655D3}.AppStore|iPhoneSimulator.Build.0 = Release|Any CPU
		{A6B90DFF-3A2E-4022-BDE7-1F998DA655D3}.Debug|Any CPU.ActiveCfg = Debug|Any CPU
		{A6B90DFF-3A2E-4022-BDE7-1F998DA655D3}.Debug|Any CPU.Build.0 = Debug|Any CPU
		{A6B90DFF-3A2E-4022-BDE7-1F998DA655D3}.Debug|iPhone.ActiveCfg = Debug|Any CPU
		{A6B90DFF-3A2E-4022-BDE7-1F998DA655D3}.Debug|iPhone.Build.0 = Debug|Any CPU
		{A6B90DFF-3A2E-4022-BDE7-1F998DA655D3}.Debug|iPhoneSimulator.ActiveCfg = Debug|Any CPU
		{A6B90DFF-3A2E-4022-BDE7-1F998DA655D3}.Debug|iPhoneSimulator.Build.0 = Debug|Any CPU
		{A6B90DFF-3A2E-4022-BDE7-1F998DA655D3}.Release|Any CPU.ActiveCfg = Release|Any CPU
		{A6B90DFF-3A2E-4022-BDE7-1F998DA655D3}.Release|Any CPU.Build.0 = Release|Any CPU
		{A6B90DFF-3A2E-4022-BDE7-1F998DA655D3}.Release|iPhone.ActiveCfg = Release|Any CPU
		{A6B90DFF-3A2E-4022-BDE7-1F998DA655D3}.Release|iPhone.Build.0 = Release|Any CPU
		{A6B90DFF-3A2E-4022-BDE7-1F998DA655D3}.Release|iPhoneSimulator.ActiveCfg = Release|Any CPU
		{A6B90DFF-3A2E-4022-BDE7-1F998DA655D3}.Release|iPhoneSimulator.Build.0 = Release|Any CPU
	EndGlobalSection
	GlobalSection(SolutionProperties) = preSolution
		HideSolutionNode = FALSE
	EndGlobalSection
EndGlobal
